
Microsoft Visual Studio Solution File, Format Version 12.00
# Visual Studio Version 17
VisualStudioVersion = 17.3.32825.248
MinimumVisualStudioVersion = 10.0.40219.1
Project("{9A19103F-16F7-4668-BE54-9A1E7A4F7556}") = "Microsoft.Restier.Samples.Northwind.AspNetCore", "Microsoft.Restier.Samples.Northwind.AspNetCore.csproj", "{610C7179-DB1A-48B7-B1BB-AB0737CAFE34}"
EndProject
Global
	GlobalSection(SolutionConfigurationPlatforms) = preSolution
		Debug|Any CPU = Debug|Any CPU
		Release|Any CPU = Release|Any CPU
	EndGlobalSection
	GlobalSection(ProjectConfigurationPlatforms) = postSolution
		{610C7179-DB1A-48B7-B1BB-AB0737CAFE34}.Debug|Any CPU.ActiveCfg = Debug|Any CPU
		{610C7179-DB1A-48B7-B1BB-AB0737CAFE34}.Debug|Any CPU.Build.0 = Debug|Any CPU
		{610C7179-DB1A-48B7-B1BB-AB0737CAFE34}.Release|Any CPU.ActiveCfg = Release|Any CPU
		{610C7179-DB1A-48B7-B1BB-AB0737CAFE34}.Release|Any CPU.Build.0 = Release|Any CPU
	EndGlobalSection
	GlobalSection(SolutionProperties) = preSolution
		HideSolutionNode = FALSE
	EndGlobalSection
	GlobalSection(ExtensibilityGlobals) = postSolution
		SolutionGuid = {DE7457C7-EF91-4617-8C5F-D5BFBA5B2208}
	EndGlobalSection
EndGlobal
